// !$*UTF8*$!
{
	archiveVersion = 1;
	classes = {
	};
	objectVersion = 55;
	objects = {

/* Begin PBXBuildFile section */
		B7D2689829AFD022008BD192 /* AppDelegate.swift in Sources */ = {isa = PBXBuildFile; fileRef = B7D2689729AFD022008BD192 /* AppDelegate.swift */; };
		B7D2689A29AFD022008BD192 /* SceneDelegate.swift in Sources */ = {isa = PBXBuildFile; fileRef = B7D2689929AFD022008BD192 /* SceneDelegate.swift */; };
		B7D2689C29AFD022008BD192 /* ViewController.swift in Sources */ = {isa = PBXBuildFile; fileRef = B7D2689B29AFD022008BD192 /* ViewController.swift */; };
		B7D2689F29AFD022008BD192 /* Main.storyboard in Resources */ = {isa = PBXBuildFile; fileRef = B7D2689D29AFD022008BD192 /* Main.storyboard */; };
		B7D268A129AFD029008BD192 /* Assets.xcassets in Resources */ = {isa = PBXBuildFile; fileRef = B7D268A029AFD029008BD192 /* Assets.xcassets */; };
		B7D268A429AFD029008BD192 /* LaunchScreen.storyboard in Resources */ = {isa = PBXBuildFile; fileRef = B7D268A229AFD029008BD192 /* LaunchScreen.storyboard */; };
		B7D268AF29AFD02A008BD192 /* Counter0_2Tests.swift in Sources */ = {isa = PBXBuildFile; fileRef = B7D268AE29AFD02A008BD192 /* Counter0_2Tests.swift */; };
		B7D268B929AFD02A008BD192 /* Counter0_2UITests.swift in Sources */ = {isa = PBXBuildFile; fileRef = B7D268B829AFD02A008BD192 /* Counter0_2UITests.swift */; };
		B7D268BB29AFD02A008BD192 /* Counter0_2UITestsLaunchTests.swift in Sources */ = {isa = PBXBuildFile; fileRef = B7D268BA29AFD02A008BD192 /* Counter0_2UITestsLaunchTests.swift */; };
/* End PBXBuildFile section */

/* Begin PBXContainerItemProxy section */
		B7D268AB29AFD02A008BD192 /* PBXContainerItemProxy */ = {
			isa = PBXContainerItemProxy;
			containerPortal = B7D2688C29AFD021008BD192 /* Project object */;
			proxyType = 1;
			remoteGlobalIDString = B7D2689329AFD022008BD192;
			remoteInfo = Counter0.2;
		};
		B7D268B529AFD02A008BD192 /* PBXContainerItemProxy */ = {
			isa = PBXContainerItemProxy;
			containerPortal = B7D2688C29AFD021008BD192 /* Project object */;
			proxyType = 1;
			remoteGlobalIDString = B7D2689329AFD022008BD192;
			remoteInfo = Counter0.2;
		};
/* End PBXContainerItemProxy section */

/* Begin PBXFileReference section */
		B7D2689429AFD022008BD192 /* Counter0.2.app */ = {isa = PBXFileReference; explicitFileType = wrapper.application; includeInIndex = 0; path = Counter0.2.app; sourceTree = BUILT_PRODUCTS_DIR; };
		B7D2689729AFD022008BD192 /* AppDelegate.swift */ = {isa = PBXFileReference; lastKnownFileType = sourcecode.swift; path = AppDelegate.swift; sourceTree = "<group>"; };
		B7D2689929AFD022008BD192 /* SceneDelegate.swift */ = {isa = PBXFileReference; lastKnownFileType = sourcecode.swift; path = SceneDelegate.swift; sourceTree = "<group>"; };
		B7D2689B29AFD022008BD192 /* ViewController.swift */ = {isa = PBXFileReference; lastKnownFileType = sourcecode.swift; path = ViewController.swift; sourceTree = "<group>"; };
		B7D2689E29AFD022008BD192 /* Base */ = {isa = PBXFileReference; lastKnownFileType = file.storyboard; name = Base; path = Base.lproj/Main.storyboard; sourceTree = "<group>"; };
		B7D268A029AFD029008BD192 /* Assets.xcassets */ = {isa = PBXFileReference; lastKnownFileType = folder.assetcatalog; path = Assets.xcassets; sourceTree = "<group>"; };
		B7D268A329AFD029008BD192 /* Base */ = {isa = PBXFileReference; lastKnownFileType = file.storyboard; name = Base; path = Base.lproj/LaunchScreen.storyboard; sourceTree = "<group>"; };
		B7D268A529AFD029008BD192 /* Info.plist */ = {isa = PBXFileReference; lastKnownFileType = text.plist.xml; path = Info.plist; sourceTree = "<group>"; };
		B7D268AA29AFD02A008BD192 /* Counter0.2Tests.xctest */ = {isa = PBXFileReference; explicitFileType = wrapper.cfbundle; includeInIndex = 0; path = Counter0.2Tests.xctest; sourceTree = BUILT_PRODUCTS_DIR; };
		B7D268AE29AFD02A008BD192 /* Counter0_2Tests.swift */ = {isa = PBXFileReference; lastKnownFileType = sourcecode.swift; path = Counter0_2Tests.swift; sourceTree = "<group>"; };
		B7D268B429AFD02A008BD192 /* Counter0.2UITests.xctest */ = {isa = PBXFileReference; explicitFileType = wrapper.cfbundle; includeInIndex = 0; path = Counter0.2UITests.xctest; sourceTree = BUILT_PRODUCTS_DIR; };
		B7D268B829AFD02A008BD192 /* Counter0_2UITests.swift */ = {isa = PBXFileReference; lastKnownFileType = sourcecode.swift; path = Counter0_2UITests.swift; sourceTree = "<group>"; };
		B7D268BA29AFD02A008BD192 /* Counter0_2UITestsLaunchTests.swift */ = {isa = PBXFileReference; lastKnownFileType = sourcecode.swift; path = Counter0_2UITestsLaunchTests.swift; sourceTree = "<group>"; };
/* End PBXFileReference section */

/* Begin PBXFrameworksBuildPhase section */
		B7D2689129AFD022008BD192 /* Frameworks */ = {
			isa = PBXFrameworksBuildPhase;
			buildActionMask = 2147483647;
			files = (
			);
			runOnlyForDeploymentPostprocessing = 0;
		};
		B7D268A729AFD02A008BD192 /* Frameworks */ = {
			isa = PBXFrameworksBuildPhase;
			buildActionMask = 2147483647;
			files = (
			);
			runOnlyForDeploymentPostprocessing = 0;
		};
		B7D268B129AFD02A008BD192 /* Frameworks */ = {
			isa = PBXFrameworksBuildPhase;
			buildActionMask = 2147483647;
			files = (
			);
			runOnlyForDeploymentPostprocessing = 0;
		};
/* End PBXFrameworksBuildPhase section */

/* Begin PBXGroup section */
		B7D2688B29AFD021008BD192 = {
			isa = PBXGroup;
			children = (
				B7D2689629AFD022008BD192 /* Counter0.2 */,
				B7D268AD29AFD02A008BD192 /* Counter0.2Tests */,
				B7D268B729AFD02A008BD192 /* Counter0.2UITests */,
				B7D2689529AFD022008BD192 /* Products */,
			);
			sourceTree = "<group>";
		};
		B7D2689529AFD022008BD192 /* Products */ = {
			isa = PBXGroup;
			children = (
				B7D2689429AFD022008BD192 /* Counter0.2.app */,
				B7D268AA29AFD02A008BD192 /* Counter0.2Tests.xctest */,
				B7D268B429AFD02A008BD192 /* Counter0.2UITests.xctest */,
			);
			name = Products;
			sourceTree = "<group>";
		};
		B7D2689629AFD022008BD192 /* Counter0.2 */ = {
			isa = PBXGroup;
			children = (
				B7D2689729AFD022008BD192 /* AppDelegate.swift */,
				B7D2689929AFD022008BD192 /* SceneDelegate.swift */,
				B7D2689B29AFD022008BD192 /* ViewController.swift */,
				B7D2689D29AFD022008BD192 /* Main.storyboard */,
				B7D268A029AFD029008BD192 /* Assets.xcassets */,
				B7D268A229AFD029008BD192 /* LaunchScreen.storyboard */,
				B7D268A529AFD029008BD192 /* Info.plist */,
			);
			path = Counter0.2;
			sourceTree = "<group>";
		};
		B7D268AD29AFD02A008BD192 /* Counter0.2Tests */ = {
			isa = PBXGroup;
			children = (
				B7D268AE29AFD02A008BD192 /* Counter0_2Tests.swift */,
			);
			path = Counter0.2Tests;
			sourceTree = "<group>";
		};
		B7D268B729AFD02A008BD192 /* Counter0.2UITests */ = {
			isa = PBXGroup;
			children = (
				B7D268B829AFD02A008BD192 /* Counter0_2UITests.swift */,
				B7D268BA29AFD02A008BD192 /* Counter0_2UITestsLaunchTests.swift */,
			);
			path = Counter0.2UITests;
			sourceTree = "<group>";
		};
/* End PBXGroup section */

/* Begin PBXNativeTarget section */
		B7D2689329AFD022008BD192 /* Counter0.2 */ = {
			isa = PBXNativeTarget;
			buildConfigurationList = B7D268BE29AFD02A008BD192 /* Build configuration list for PBXNativeTarget "Counter0.2" */;
			buildPhases = (
				B7D2689029AFD022008BD192 /* Sources */,
				B7D2689129AFD022008BD192 /* Frameworks */,
				B7D2689229AFD022008BD192 /* Resources */,
			);
			buildRules = (
			);
			dependencies = (
			);
			name = Counter0.2;
			productName = Counter0.2;
			productReference = B7D2689429AFD022008BD192 /* Counter0.2.app */;
			productType = "com.apple.product-type.application";
		};
		B7D268A929AFD02A008BD192 /* Counter0.2Tests */ = {
			isa = PBXNativeTarget;
			buildConfigurationList = B7D268C129AFD02A008BD192 /* Build configuration list for PBXNativeTarget "Counter0.2Tests" */;
			buildPhases = (
				B7D268A629AFD02A008BD192 /* Sources */,
				B7D268A729AFD02A008BD192 /* Frameworks */,
				B7D268A829AFD02A008BD192 /* Resources */,
			);
			buildRules = (
			);
			dependencies = (
				B7D268AC29AFD02A008BD192 /* PBXTargetDependency */,
			);
			name = Counter0.2Tests;
			productName = Counter0.2Tests;
			productReference = B7D268AA29AFD02A008BD192 /* Counter0.2Tests.xctest */;
			productType = "com.apple.product-type.bundle.unit-test";
		};
		B7D268B329AFD02A008BD192 /* Counter0.2UITests */ = {
			isa = PBXNativeTarget;
			buildConfigurationList = B7D268C429AFD02A008BD192 /* Build configuration list for PBXNativeTarget "Counter0.2UITests" */;
			buildPhases = (
				B7D268B029AFD02A008BD192 /* Sources */,
				B7D268B129AFD02A008BD192 /* Frameworks */,
				B7D268B229AFD02A008BD192 /* Resources */,
			);
			buildRules = (
			);
			dependencies = (
				B7D268B629AFD02A008BD192 /* PBXTargetDependency */,
			);
			name = Counter0.2UITests;
			productName = Counter0.2UITests;
			productReference = B7D268B429AFD02A008BD192 /* Counter0.2UITests.xctest */;
			productType = "com.apple.product-type.bundle.ui-testing";
		};
/* End PBXNativeTarget section */

/* Begin PBXProject section */
		B7D2688C29AFD021008BD192 /* Project object */ = {
			isa = PBXProject;
			attributes = {
				BuildIndependentTargetsInParallel = 1;
				LastSwiftUpdateCheck = 1320;
				LastUpgradeCheck = 1320;
				TargetAttributes = {
					B7D2689329AFD022008BD192 = {
						CreatedOnToolsVersion = 13.2.1;
					};
					B7D268A929AFD02A008BD192 = {
						CreatedOnToolsVersion = 13.2.1;
						TestTargetID = B7D2689329AFD022008BD192;
					};
					B7D268B329AFD02A008BD192 = {
						CreatedOnToolsVersion = 13.2.1;
						TestTargetID = B7D2689329AFD022008BD192;
					};
				};
			};
			buildConfigurationList = B7D2688F29AFD021008BD192 /* Build configuration list for PBXProject "Counter0.2" */;
			compatibilityVersion = "Xcode 13.0";
			developmentRegion = en;
			hasScannedForEncodings = 0;
			knownRegions = (
				en,
				Base,
			);
			mainGroup = B7D2688B29AFD021008BD192;
			productRefGroup = B7D2689529AFD022008BD192 /* Products */;
			projectDirPath = "";
			projectRoot = "";
			targets = (
				B7D2689329AFD022008BD192 /* Counter0.2 */,
				B7D268A929AFD02A008BD192 /* Counter0.2Tests */,
				B7D268B329AFD02A008BD192 /* Counter0.2UITests */,
			);
		};
/* End PBXProject section */

/* Begin PBXResourcesBuildPhase section */
		B7D2689229AFD022008BD192 /* Resources */ = {
			isa = PBXResourcesBuildPhase;
			buildActionMask = 2147483647;
			files = (
				B7D268A429AFD029008BD192 /* LaunchScreen.storyboard in Resources */,
				B7D268A129AFD029008BD192 /* Assets.xcassets in Resources */,
				B7D2689F29AFD022008BD192 /* Main.storyboard in Resources */,
			);
			runOnlyForDeploymentPostprocessing = 0;
		};
		B7D268A829AFD02A008BD192 /* Resources */ = {
			isa = PBXResourcesBuildPhase;
			buildActionMask = 2147483647;
			files = (
			);
			runOnlyForDeploymentPostprocessing = 0;
		};
		B7D268B229AFD02A008BD192 /* Resources */ = {
			isa = PBXResourcesBuildPhase;
			buildActionMask = 2147483647;
			files = (
			);
			runOnlyForDeploymentPostprocessing = 0;
		};
/* End PBXResourcesBuildPhase section */

/* Begin PBXSourcesBuildPhase section */
		B7D2689029AFD022008BD192 /* Sources */ = {
			isa = PBXSourcesBuildPhase;
			buildActionMask = 2147483647;
			files = (
				B7D2689C29AFD022008BD192 /* ViewController.swift in Sources */,
				B7D2689829AFD022008BD192 /* AppDelegate.swift in Sources */,
				B7D2689A29AFD022008BD192 /* SceneDelegate.swift in Sources */,
			);
			runOnlyForDeploymentPostprocessing = 0;
		};
		B7D268A629AFD02A008BD192 /* Sources */ = {
			isa = PBXSourcesBuildPhase;
			buildActionMask = 2147483647;
			files = (
				B7D268AF29AFD02A008BD192 /* Counter0_2Tests.swift in Sources */,
			);
			runOnlyForDeploymentPostprocessing = 0;
		};
		B7D268B029AFD02A008BD192 /* Sources */ = {
			isa = PBXSourcesBuildPhase;
			buildActionMask = 2147483647;
			files = (
				B7D268B929AFD02A008BD192 /* Counter0_2UITests.swift in Sources */,
				B7D268BB29AFD02A008BD192 /* Counter0_2UITestsLaunchTests.swift in Sources */,
			);
			runOnlyForDeploymentPostprocessing = 0;
		};
/* End PBXSourcesBuildPhase section */

/* Begin PBXTargetDependency section */
		B7D268AC29AFD02A008BD192 /* PBXTargetDependency */ = {
			isa = PBXTargetDependency;
			target = B7D2689329AFD022008BD192 /* Counter0.2 */;
			targetProxy = B7D268AB29AFD02A008BD192 /* PBXContainerItemProxy */;
		};
		B7D268B629AFD02A008BD192 /* PBXTargetDependency */ = {
			isa = PBXTargetDependency;
			target = B7D2689329AFD022008BD192 /* Counter0.2 */;
			targetProxy = B7D268B529AFD02A008BD192 /* PBXContainerItemProxy */;
		};
/* End PBXTargetDependency section */

/* Begin PBXVariantGroup section */
		B7D2689D29AFD022008BD192 /* Main.storyboard */ = {
			isa = PBXVariantGroup;
			children = (
				B7D2689E29AFD022008BD192 /* Base */,
			);
			name = Main.storyboard;
			sourceTree = "<group>";
		};
		B7D268A229AFD029008BD192 /* LaunchScreen.storyboard */ = {
			isa = PBXVariantGroup;
			children = (
				B7D268A329AFD029008BD192 /* Base */,
			);
			name = LaunchScreen.storyboard;
			sourceTree = "<group>";
		};
/* End PBXVariantGroup section */

/* Begin XCBuildConfiguration section */
		B7D268BC29AFD02A008BD192 /* Debug */ = {
			isa = XCBuildConfiguration;
			buildSettings = {
				ALWAYS_SEARCH_USER_PATHS = NO;
				CLANG_ANALYZER_NONNULL = YES;
				CLANG_ANALYZER_NUMBER_OBJECT_CONVERSION = YES_AGGRESSIVE;
				CLANG_CXX_LANGUAGE_STANDARD = "gnu++17";
				CLANG_CXX_LIBRARY = "libc++";
				CLANG_ENABLE_MODULES = YES;
				CLANG_ENABLE_OBJC_ARC = YES;
				CLANG_ENABLE_OBJC_WEAK = YES;
				CLANG_WARN_BLOCK_CAPTURE_AUTORELEASING = YES;
				CLANG_WARN_BOOL_CONVERSION = YES;
				CLANG_WARN_COMMA = YES;
				CLANG_WARN_CONSTANT_CONVERSION = YES;
				CLANG_WARN_DEPRECATED_OBJC_IMPLEMENTATIONS = YES;
				CLANG_WARN_DIRECT_OBJC_ISA_USAGE = YES_ERROR;
				CLANG_WARN_DOCUMENTATION_COMMENTS = YES;
				CLANG_WARN_EMPTY_BODY = YES;
				CLANG_WARN_ENUM_CONVERSION = YES;
				CLANG_WARN_INFINITE_RECURSION = YES;
				CLANG_WARN_INT_CONVERSION = YES;
				CLANG_WARN_NON_LITERAL_NULL_CONVERSION = YES;
				CLANG_WARN_OBJC_IMPLICIT_RETAIN_SELF = YES;
				CLANG_WARN_OBJC_LITERAL_CONVERSION = YES;
				CLANG_WARN_OBJC_ROOT_CLASS = YES_ERROR;
				CLANG_WARN_QUOTED_INCLUDE_IN_FRAMEWORK_HEADER = YES;
				CLANG_WARN_RANGE_LOOP_ANALYSIS = YES;
				CLANG_WARN_STRICT_PROTOTYPES = YES;
				CLANG_WARN_SUSPICIOUS_MOVE = YES;
				CLANG_WARN_UNGUARDED_AVAILABILITY = YES_AGGRESSIVE;
				CLANG_WARN_UNREACHABLE_CODE = YES;
				CLANG_WARN__DUPLICATE_METHOD_MATCH = YES;
				COPY_PHASE_STRIP = NO;
				DEBUG_INFORMATION_FORMAT = dwarf;
				ENABLE_STRICT_OBJC_MSGSEND = YES;
				ENABLE_TESTABILITY = YES;
				GCC_C_LANGUAGE_STANDARD = gnu11;
				GCC_DYNAMIC_NO_PIC = NO;
				GCC_NO_COMMON_BLOCKS = YES;
				GCC_OPTIMIZATION_LEVEL = 0;
				GCC_PREPROCESSOR_DEFINITIONS = (
					"DEBUG=1",
					"$(inherited)",
				);
				GCC_WARN_64_TO_32_BIT_CONVERSION = YES;
				GCC_WARN_ABOUT_RETURN_TYPE = YES_ERROR;
				GCC_WARN_UNDECLARED_SELECTOR = YES;
				GCC_WARN_UNINITIALIZED_AUTOS = YES_AGGRESSIVE;
				GCC_WARN_UNUSED_FUNCTION = YES;
				GCC_WARN_UNUSED_VARIABLE = YES;
				IPHONEOS_DEPLOYMENT_TARGET = 15.2;
				MTL_ENABLE_DEBUG_INFO = INCLUDE_SOURCE;
				MTL_FAST_MATH = YES;
				ONLY_ACTIVE_ARCH = YES;
				SDKROOT = iphoneos;
				SWIFT_ACTIVE_COMPILATION_CONDITIONS = DEBUG;
				SWIFT_OPTIMIZATION_LEVEL = "-Onone";
			};
			name = Debug;
		};
		B7D268BD29AFD02A008BD192 /* Release */ = {
			isa = XCBuildConfiguration;
			buildSettings = {
				ALWAYS_SEARCH_USER_PATHS = NO;
				CLANG_ANALYZER_NONNULL = YES;
				CLANG_ANALYZER_NUMBER_OBJECT_CONVERSION = YES_AGGRESSIVE;
				CLANG_CXX_LANGUAGE_STANDARD = "gnu++17";
				CLANG_CXX_LIBRARY = "libc++";
				CLANG_ENABLE_MODULES = YES;
				CLANG_ENABLE_OBJC_ARC = YES;
				CLANG_ENABLE_OBJC_WEAK = YES;
				CLANG_WARN_BLOCK_CAPTURE_AUTORELEASING = YES;
				CLANG_WARN_BOOL_CONVERSION = YES;
				CLANG_WARN_COMMA = YES;
				CLANG_WARN_CONSTANT_CONVERSION = YES;
				CLANG_WARN_DEPRECATED_OBJC_IMPLEMENTATIONS = YES;
				CLANG_WARN_DIRECT_OBJC_ISA_USAGE = YES_ERROR;
				CLANG_WARN_DOCUMENTATION_COMMENTS = YES;
				CLANG_WARN_EMPTY_BODY = YES;
				CLANG_WARN_ENUM_CONVERSION = YES;
				CLANG_WARN_INFINITE_RECURSION = YES;
				CLANG_WARN_INT_CONVERSION = YES;
				CLANG_WARN_NON_LITERAL_NULL_CONVERSION = YES;
				CLANG_WARN_OBJC_IMPLICIT_RETAIN_SELF = YES;
				CLANG_WARN_OBJC_LITERAL_CONVERSION = YES;
				CLANG_WARN_OBJC_ROOT_CLASS = YES_ERROR;
				CLANG_WARN_QUOTED_INCLUDE_IN_FRAMEWORK_HEADER = YES;
				CLANG_WARN_RANGE_LOOP_ANALYSIS = YES;
				CLANG_WARN_STRICT_PROTOTYPES = YES;
				CLANG_WARN_SUSPICIOUS_MOVE = YES;
				CLANG_WARN_UNGUARDED_AVAILABILITY = YES_AGGRESSIVE;
				CLANG_WARN_UNREACHABLE_CODE = YES;
				CLANG_WARN__DUPLICATE_METHOD_MATCH = YES;
				COPY_PHASE_STRIP = NO;
				DEBUG_INFORMATION_FORMAT = "dwarf-with-dsym";
				ENABLE_NS_ASSERTIONS = NO;
				ENABLE_STRICT_OBJC_MSGSEND = YES;
				GCC_C_LANGUAGE_STANDARD = gnu11;
				GCC_NO_COMMON_BLOCKS = YES;
				GCC_WARN_64_TO_32_BIT_CONVERSION = YES;
				GCC_WARN_ABOUT_RETURN_TYPE = YES_ERROR;
				GCC_WARN_UNDECLARED_SELECTOR = YES;
				GCC_WARN_UNINITIALIZED_AUTOS = YES_AGGRESSIVE;
				GCC_WARN_UNUSED_FUNCTION = YES;
				GCC_WARN_UNUSED_VARIABLE = YES;
				IPHONEOS_DEPLOYMENT_TARGET = 15.2;
				MTL_ENABLE_DEBUG_INFO = NO;
				MTL_FAST_MATH = YES;
				SDKROOT = iphoneos;
				SWIFT_COMPILATION_MODE = wholemodule;
				SWIFT_OPTIMIZATION_LEVEL = "-O";
				VALIDATE_PRODUCT = YES;
			};
			name = Release;
		};
		B7D268BF29AFD02A008BD192 /* Debug */ = {
			isa = XCBuildConfiguration;
			buildSettings = {
				ASSETCATALOG_COMPILER_APPICON_NAME = AppIcon;
				ASSETCATALOG_COMPILER_GLOBAL_ACCENT_COLOR_NAME = AccentColor;
				CODE_SIGN_STYLE = Automatic;
				CURRENT_PROJECT_VERSION = 1;
				GENERATE_INFOPLIST_FILE = YES;
				INFOPLIST_FILE = Counter0.2/Info.plist;
				INFOPLIST_KEY_UIApplicationSupportsIndirectInputEvents = YES;
				INFOPLIST_KEY_UILaunchStoryboardName = LaunchScreen;
				INFOPLIST_KEY_UIMainStoryboardFile = Main;
				INFOPLIST_KEY_UISupportedInterfaceOrientations_iPad = "UIInterfaceOrientationPortrait UIInterfaceOrientationPortraitUpsideDown UIInterfaceOrientationLandscapeLeft UIInterfaceOrientationLandscapeRight";
				INFOPLIST_KEY_UISupportedInterfaceOrientations_iPhone = "UIInterfaceOrientationPortrait UIInterfaceOrientationLandscapeLeft UIInterfaceOrientationLandscapeRight";
				LD_RUNPATH_SEARCH_PATHS = (
					"$(inherited)",
					"@executable_path/Frameworks",
				);
				MARKETING_VERSION = 1.0;
				PRODUCT_BUNDLE_IDENTIFIER = "test.Counter0-2";
				PRODUCT_NAME = "$(TARGET_NAME)";
				SWIFT_EMIT_LOC_STRINGS = YES;
				SWIFT_VERSION = 5.0;
				TARGETED_DEVICE_FAMILY = "1,2";
			};
			name = Debug;
		};
		B7D268C029AFD02A008BD192 /* Release */ = {
			isa = XCBuildConfiguration;
			buildSettings = {
				ASSETCATALOG_COMPILER_APPICON_NAME = AppIcon;
				ASSETCATALOG_COMPILER_GLOBAL_ACCENT_COLOR_NAME = AccentColor;
				CODE_SIGN_STYLE = Automatic;
				CURRENT_PROJECT_VERSION = 1;
				GENERATE_INFOPLIST_FILE = YES;
				INFOPLIST_FILE = Counter0.2/Info.plist;
				INFOPLIST_KEY_UIApplicationSupportsIndirectInputEvents = YES;
				INFOPLIST_KEY_UILaunchStoryboardName = LaunchScreen;
				INFOPLIST_KEY_UIMainStoryboardFile = Main;
				INFOPLIST_KEY_UISupportedInterfaceOrientations_iPad = "UIInterfaceOrientationPortrait UIInterfaceOrientationPortraitUpsideDown UIInterfaceOrientationLandscapeLeft UIInterfaceOrientationLandscapeRight";
				INFOPLIST_KEY_UISupportedInterfaceOrientations_iPhone = "UIInterfaceOrientationPortrait UIInterfaceOrientationLandscapeLeft UIInterfaceOrientationLandscapeRight";
				LD_RUNPATH_SEARCH_PATHS = (
					"$(inherited)",
					"@executable_path/Frameworks",
				);
				MARKETING_VERSION = 1.0;
				PRODUCT_BUNDLE_IDENTIFIER = "test.Counter0-2";
				PRODUCT_NAME = "$(TARGET_NAME)";
				SWIFT_EMIT_LOC_STRINGS = YES;
				SWIFT_VERSION = 5.0;
				TARGETED_DEVICE_FAMILY = "1,2";
			};
			name = Release;
		};
		B7D268C229AFD02A008BD192 /* Debug */ = {
			isa = XCBuildConfiguration;
			buildSettings = {
				ALWAYS_EMBED_SWIFT_STANDARD_LIBRARIES = YES;
				BUNDLE_LOADER = "$(TEST_HOST)";
				CODE_SIGN_STYLE = Automatic;
				CURRENT_PROJECT_VERSION = 1;
				GENERATE_INFOPLIST_FILE = YES;
				IPHONEOS_DEPLOYMENT_TARGET = 15.2;
				MARKETING_VERSION = 1.0;
				PRODUCT_BUNDLE_IDENTIFIER = "test.Counter0-2Tests";
				PRODUCT_NAME = "$(TARGET_NAME)";
				SWIFT_EMIT_LOC_STRINGS = NO;
				SWIFT_VERSION = 5.0;
				TARGETED_DEVICE_FAMILY = "1,2";
				TEST_HOST = "$(BUILT_PRODUCTS_DIR)/Counter0.2.app/Counter0.2";
			};
			name = Debug;
		};
		B7D268C329AFD02A008BD192 /* Release */ = {
			isa = XCBuildConfiguration;
			buildSettings = {
				ALWAYS_EMBED_SWIFT_STANDARD_LIBRARIES = YES;
				BUNDLE_LOADER = "$(TEST_HOST)";
				CODE_SIGN_STYLE = Automatic;
				CURRENT_PROJECT_VERSION = 1;
				GENERATE_INFOPLIST_FILE = YES;
				IPHONEOS_DEPLOYMENT_TARGET = 15.2;
				MARKETING_VERSION = 1.0;
				PRODUCT_BUNDLE_IDENTIFIER = "test.Counter0-2Tests";
				PRODUCT_NAME = "$(TARGET_NAME)";
				SWIFT_EMIT_LOC_STRINGS = NO;
				SWIFT_VERSION = 5.0;
				TARGETED_DEVICE_FAMILY = "1,2";
				TEST_HOST = "$(BUILT_PRODUCTS_DIR)/Counter0.2.app/Counter0.2";
			};
			name = Release;
		};
		B7D268C529AFD02A008BD192 /* Debug */ = {
			isa = XCBuildConfiguration;
			buildSettings = {
				ALWAYS_EMBED_SWIFT_STANDARD_LIBRARIES = YES;
				CODE_SIGN_STYLE = Automatic;
				CURRENT_PROJECT_VERSION = 1;
				GENERATE_INFOPLIST_FILE = YES;
				MARKETING_VERSION = 1.0;
				PRODUCT_BUNDLE_IDENTIFIER = "test.Counter0-2UITests";
				PRODUCT_NAME = "$(TARGET_NAME)";
				SWIFT_EMIT_LOC_STRINGS = NO;
				SWIFT_VERSION = 5.0;
				TARGETED_DEVICE_FAMILY = "1,2";
				TEST_TARGET_NAME = Counter0.2;
			};
			name = Debug;
		};
		B7D268C629AFD02A008BD192 /* Release */ = {
			isa = XCBuildConfiguration;
			buildSettings = {
				ALWAYS_EMBED_SWIFT_STANDARD_LIBRARIES = YES;
				CODE_SIGN_STYLE = Automatic;
				CURRENT_PROJECT_VERSION = 1;
				GENERATE_INFOPLIST_FILE = YES;
				MARKETING_VERSION = 1.0;
				PRODUCT_BUNDLE_IDENTIFIER = "test.Counter0-2UITests";
				PRODUCT_NAME = "$(TARGET_NAME)";
				SWIFT_EMIT_LOC_STRINGS = NO;
				SWIFT_VERSION = 5.0;
				TARGETED_DEVICE_FAMILY = "1,2";
				TEST_TARGET_NAME = Counter0.2;
			};
			name = Release;
		};
/* End XCBuildConfiguration section */

/* Begin XCConfigurationList section */
		B7D2688F29AFD021008BD192 /* Build configuration list for PBXProject "Counter0.2" */ = {
			isa = XCConfigurationList;
			buildConfigurations = (
				B7D268BC29AFD02A008BD192 /* Debug */,
				B7D268BD29AFD02A008BD192 /* Release */,
			);
			defaultConfigurationIsVisible = 0;
			defaultConfigurationName = Release;
		};
		B7D268BE29AFD02A008BD192 /* Build configuration list for PBXNativeTarget "Counter0.2" */ = {
			isa = XCConfigurationList;
			buildConfigurations = (
				B7D268BF29AFD02A008BD192 /* Debug */,
				B7D268C029AFD02A008BD192 /* Release */,
			);
			defaultConfigurationIsVisible = 0;
			defaultConfigurationName = Release;
		};
		B7D268C129AFD02A008BD192 /* Build configuration list for PBXNativeTarget "Counter0.2Tests" */ = {
			isa = XCConfigurationList;
			buildConfigurations = (
				B7D268C229AFD02A008BD192 /* Debug */,
				B7D268C329AFD02A008BD192 /* Release */,
			);
			defaultConfigurationIsVisible = 0;
			defaultConfigurationName = Release;
		};
		B7D268C429AFD02A008BD192 /* Build configuration list for PBXNativeTarget "Counter0.2UITests" */ = {
			isa = XCConfigurationList;
			buildConfigurations = (
				B7D268C529AFD02A008BD192 /* Debug */,
				B7D268C629AFD02A008BD192 /* Release */,
			);
			defaultConfigurationIsVisible = 0;
			defaultConfigurationName = Release;
		};
/* End XCConfigurationList section */
	};
	rootObject = B7D2688C29AFD021008BD192 /* Project object */;
}
